
Microsoft Visual Studio Solution File, Format Version 12.00
# Visual Studio Version 17
VisualStudioVersion = 17.10.34928.147
MinimumVisualStudioVersion = 10.0.40219.1
Project("{FAE04EC0-301F-11D3-BF4B-00C04F79EFBC}") = "TS3AudioBot-Plugin-Netease-QQ", "TS3AudioBot-Plugin-Netease-QQ.csproj", "{F3F6D508-A72A-48A5-9EC8-CC0A0FA143D6}"
EndProject
Global
	GlobalSection(SolutionConfigurationPlatforms) = preSolution
		Debug|Any CPU = Debug|Any CPU
		Release|Any CPU = Release|Any CPU
	EndGlobalSection
	GlobalSection(ProjectConfigurationPlatforms) = postSolution
		{F3F6D508-A72A-48A5-9EC8-CC0A0FA143D6}.Debug|Any CPU.ActiveCfg = Debug|Any CPU
		{F3F6D508-A72A-48A5-9EC8-CC0A0FA143D6}.Debug|Any CPU.Build.0 = Debug|Any CPU
		{F3F6D508-A72A-48A5-9EC8-CC0A0FA143D6}.Release|Any CPU.ActiveCfg = Release|Any CPU
		{F3F6D508-A72A-48A5-9EC8-CC0A0FA143D6}.Release|Any CPU.Build.0 = Release|Any CPU
	EndGlobalSection
	GlobalSection(SolutionProperties) = preSolution
		HideSolutionNode = FALSE
	EndGlobalSection
	GlobalSection(ExtensibilityGlobals) = postSolution
		SolutionGuid = {D77897CB-1676-4F7C-8E4F-A7D07F39CD16}
	EndGlobalSection
EndGlobal
